
Microsoft Visual Studio Solution File, Format Version 12.00
# Visual Studio 15
VisualStudioVersion = 15.0.28010.2036
MinimumVisualStudioVersion = 10.0.40219.1
Project("{FAE04EC0-301F-11D3-BF4B-00C04F79EFBC}") = "Hello World", "Hello World\Hello World.csproj", "{CB83DE18-1FD2-4254-BEB8-B94603BE912C}"
EndProject
Project("{FAE04EC0-301F-11D3-BF4B-00C04F79EFBC}") = "Personenverwaltung", "Personenverwaltung\Personenverwaltung.csproj", "{E81560ED-3999-41C4-9375-F2AAB5F9B21D}"
EndProject
Project("{FAE04EC0-301F-11D3-BF4B-00C04F79EFBC}") = "Lokalisierung", "Lokalisierung\Lokalisierung.csproj", "{948281B2-49BC-459C-90FF-0F3938FBB81F}"
EndProject
Project("{FAE04EC0-301F-11D3-BF4B-00C04F79EFBC}") = "ExterneResourcen", "ExterneResourcen\ExterneResourcen.csproj", "{13E90AE7-758E-4918-A315-C25ACA50A573}"
EndProject
Project("{FAE04EC0-301F-11D3-BF4B-00C04F79EFBC}") = "LokalisierungResx", "Lokalisierung_Resx\LokalisierungResx.csproj", "{C5F9F777-312F-4F4E-9E3C-04D2A7222AE9}"
EndProject
Project("{FAE04EC0-301F-11D3-BF4B-00C04F79EFBC}") = "Binding", "Binding\Binding.csproj", "{BD5B5D87-6FB9-4C0F-974E-DC7BB2E5DA7C}"
EndProject
Project("{FAE04EC0-301F-11D3-BF4B-00C04F79EFBC}") = "Eigenes_UserControl", "Eigenes_UserControl\Eigenes_UserControl.csproj", "{1DB155ED-DAC0-4FFA-9045-6E855FF7CC92}"
EndProject
Project("{2150E333-8FDC-42A3-9474-1A3956D46DE8}") = "MVVMProject", "MVVMProject", "{9FC77F42-CB32-4228-88E4-2309C6026C91}"
EndProject
Project("{9A19103F-16F7-4668-BE54-9A1E7A4F7556}") = "Entities", "Entities\Entities.csproj", "{9EEC42EC-3716-46AF-AD34-1EF71E69F9AF}"
EndProject
Project("{FAE04EC0-301F-11D3-BF4B-00C04F79EFBC}") = "EntitiesTests", "EntitiesTests\EntitiesTests.csproj", "{FB7E5E18-7066-4A70-AE55-22B700C5CEA2}"
EndProject
Project("{FAE04EC0-301F-11D3-BF4B-00C04F79EFBC}") = "UniversalManager", "UniversalManager\UniversalManager.csproj", "{B903D432-92D7-41C3-9056-0558A93001FD}"
EndProject
Project("{FAE04EC0-301F-11D3-BF4B-00C04F79EFBC}") = "TodoManager", "..\UWP_DUS_08_2018\TodoManager\TodoManager.csproj", "{268F921A-9A6D-4CAF-BC06-DB1795134D82}"
EndProject
Global
	GlobalSection(SolutionConfigurationPlatforms) = preSolution
		Debug|Any CPU = Debug|Any CPU
		Debug|ARM = Debug|ARM
		Debug|x64 = Debug|x64
		Debug|x86 = Debug|x86
		Release|Any CPU = Release|Any CPU
		Release|ARM = Release|ARM
		Release|x64 = Release|x64
		Release|x86 = Release|x86
	EndGlobalSection
	GlobalSection(ProjectConfigurationPlatforms) = postSolution
		{CB83DE18-1FD2-4254-BEB8-B94603BE912C}.Debug|Any CPU.ActiveCfg = Debug|x86
		{CB83DE18-1FD2-4254-BEB8-B94603BE912C}.Debug|ARM.ActiveCfg = Debug|ARM
		{CB83DE18-1FD2-4254-BEB8-B94603BE912C}.Debug|ARM.Build.0 = Debug|ARM
		{CB83DE18-1FD2-4254-BEB8-B94603BE912C}.Debug|ARM.Deploy.0 = Debug|ARM
		{CB83DE18-1FD2-4254-BEB8-B94603BE912C}.Debug|x64.ActiveCfg = Debug|x64
		{CB83DE18-1FD2-4254-BEB8-B94603BE912C}.Debug|x64.Build.0 = Debug|x64
		{CB83DE18-1FD2-4254-BEB8-B94603BE912C}.Debug|x64.Deploy.0 = Debug|x64
		{CB83DE18-1FD2-4254-BEB8-B94603BE912C}.Debug|x86.ActiveCfg = Debug|x86
		{CB83DE18-1FD2-4254-BEB8-B94603BE912C}.Debug|x86.Build.0 = Debug|x86
		{CB83DE18-1FD2-4254-BEB8-B94603BE912C}.Debug|x86.Deploy.0 = Debug|x86
		{CB83DE18-1FD2-4254-BEB8-B94603BE912C}.Release|Any CPU.ActiveCfg = Release|x86
		{CB83DE18-1FD2-4254-BEB8-B94603BE912C}.Release|ARM.ActiveCfg = Release|ARM
		{CB83DE18-1FD2-4254-BEB8-B94603BE912C}.Release|ARM.Build.0 = Release|ARM
		{CB83DE18-1FD2-4254-BEB8-B94603BE912C}.Release|ARM.Deploy.0 = Release|ARM
		{CB83DE18-1FD2-4254-BEB8-B94603BE912C}.Release|x64.ActiveCfg = Release|x64
		{CB83DE18-1FD2-4254-BEB8-B94603BE912C}.Release|x64.Build.0 = Release|x64
		{CB83DE18-1FD2-4254-BEB8-B94603BE912C}.Release|x64.Deploy.0 = Release|x64
		{CB83DE18-1FD2-4254-BEB8-B94603BE912C}.Release|x86.ActiveCfg = Release|x86
		{CB83DE18-1FD2-4254-BEB8-B94603BE912C}.Release|x86.Build.0 = Release|x86
		{CB83DE18-1FD2-4254-BEB8-B94603BE912C}.Release|x86.Deploy.0 = Release|x86
		{E81560ED-3999-41C4-9375-F2AAB5F9B21D}.Debug|Any CPU.ActiveCfg = Debug|x86
		{E81560ED-3999-41C4-9375-F2AAB5F9B21D}.Debug|ARM.ActiveCfg = Debug|ARM
		{E81560ED-3999-41C4-9375-F2AAB5F9B21D}.Debug|ARM.Build.0 = Debug|ARM
		{E81560ED-3999-41C4-9375-F2AAB5F9B21D}.Debug|ARM.Deploy.0 = Debug|ARM
		{E81560ED-3999-41C4-9375-F2AAB5F9B21D}.Debug|x64.ActiveCfg = Debug|x64
		{E81560ED-3999-41C4-9375-F2AAB5F9B21D}.Debug|x64.Build.0 = Debug|x64
		{E81560ED-3999-41C4-9375-F2AAB5F9B21D}.Debug|x64.Deploy.0 = Debug|x64
		{E81560ED-3999-41C4-9375-F2AAB5F9B21D}.Debug|x86.ActiveCfg = Debug|x86
		{E81560ED-3999-41C4-9375-F2AAB5F9B21D}.Debug|x86.Build.0 = Debug|x86
		{E81560ED-3999-41C4-9375-F2AAB5F9B21D}.Debug|x86.Deploy.0 = Debug|x86
		{E81560ED-3999-41C4-9375-F2AAB5F9B21D}.Release|Any CPU.ActiveCfg = Release|x86
		{E81560ED-3999-41C4-9375-F2AAB5F9B21D}.Release|ARM.ActiveCfg = Release|ARM
		{E81560ED-3999-41C4-9375-F2AAB5F9B21D}.Release|ARM.Build.0 = Release|ARM
		{E81560ED-3999-41C4-9375-F2AAB5F9B21D}.Release|ARM.Deploy.0 = Release|ARM
		{E81560ED-3999-41C4-9375-F2AAB5F9B21D}.Release|x64.ActiveCfg = Release|x64
		{E81560ED-3999-41C4-9375-F2AAB5F9B21D}.Release|x64.Build.0 = Release|x64
		{E81560ED-3999-41C4-9375-F2AAB5F9B21D}.Release|x64.Deploy.0 = Release|x64
		{E81560ED-3999-41C4-9375-F2AAB5F9B21D}.Release|x86.ActiveCfg = Release|x86
		{E81560ED-3999-41C4-9375-F2AAB5F9B21D}.Release|x86.Build.0 = Release|x86
		{E81560ED-3999-41C4-9375-F2AAB5F9B21D}.Release|x86.Deploy.0 = Release|x86
		{948281B2-49BC-459C-90FF-0F3938FBB81F}.Debug|Any CPU.ActiveCfg = Debug|x86
		{948281B2-49BC-459C-90FF-0F3938FBB81F}.Debug|ARM.ActiveCfg = Debug|ARM
		{948281B2-49BC-459C-90FF-0F3938FBB81F}.Debug|ARM.Build.0 = Debug|ARM
		{948281B2-49BC-459C-90FF-0F3938FBB81F}.Debug|ARM.Deploy.0 = Debug|ARM
		{948281B2-49BC-459C-90FF-0F3938FBB81F}.Debug|x64.ActiveCfg = Debug|x64
		{948281B2-49BC-459C-90FF-0F3938FBB81F}.Debug|x64.Build.0 = Debug|x64
		{948281B2-49BC-459C-90FF-0F3938FBB81F}.Debug|x64.Deploy.0 = Debug|x64
		{948281B2-49BC-459C-90FF-0F3938FBB81F}.Debug|x86.ActiveCfg = Debug|x86
		{948281B2-49BC-459C-90FF-0F3938FBB81F}.Debug|x86.Build.0 = Debug|x86
		{948281B2-49BC-459C-90FF-0F3938FBB81F}.Debug|x86.Deploy.0 = Debug|x86
		{948281B2-49BC-459C-90FF-0F3938FBB81F}.Release|Any CPU.ActiveCfg = Release|x86
		{948281B2-49BC-459C-90FF-0F3938FBB81F}.Release|ARM.ActiveCfg = Release|ARM
		{948281B2-49BC-459C-90FF-0F3938FBB81F}.Release|ARM.Build.0 = Release|ARM
		{948281B2-49BC-459C-90FF-0F3938FBB81F}.Release|ARM.Deploy.0 = Release|ARM
		{948281B2-49BC-459C-90FF-0F3938FBB81F}.Release|x64.ActiveCfg = Release|x64
		{948281B2-49BC-459C-90FF-0F3938FBB81F}.Release|x64.Build.0 = Release|x64
		{948281B2-49BC-459C-90FF-0F3938FBB81F}.Release|x64.Deploy.0 = Release|x64
		{948281B2-49BC-459C-90FF-0F3938FBB81F}.Release|x86.ActiveCfg = Release|x86
		{948281B2-49BC-459C-90FF-0F3938FBB81F}.Release|x86.Build.0 = Release|x86
		{948281B2-49BC-459C-90FF-0F3938FBB81F}.Release|x86.Deploy.0 = Release|x86
		{13E90AE7-758E-4918-A315-C25ACA50A573}.Debug|Any CPU.ActiveCfg = Debug|Any CPU
		{13E90AE7-758E-4918-A315-C25ACA50A573}.Debug|Any CPU.Build.0 = Debug|Any CPU
		{13E90AE7-758E-4918-A315-C25ACA50A573}.Debug|ARM.ActiveCfg = Debug|ARM
		{13E90AE7-758E-4918-A315-C25ACA50A573}.Debug|ARM.Build.0 = Debug|ARM
		{13E90AE7-758E-4918-A315-C25ACA50A573}.Debug|x64.ActiveCfg = Debug|x64
		{13E90AE7-758E-4918-A315-C25ACA50A573}.Debug|x64.Build.0 = Debug|x64
		{13E90AE7-758E-4918-A315-C25ACA50A573}.Debug|x86.ActiveCfg = Debug|x86
		{13E90AE7-758E-4918-A315-C25ACA50A573}.Debug|x86.Build.0 = Debug|x86
		{13E90AE7-758E-4918-A315-C25ACA50A573}.Release|Any CPU.ActiveCfg = Release|Any CPU
		{13E90AE7-758E-4918-A315-C25ACA50A573}.Release|Any CPU.Build.0 = Release|Any CPU
		{13E90AE7-758E-4918-A315-C25ACA50A573}.Release|ARM.ActiveCfg = Release|ARM
		{13E90AE7-758E-4918-A315-C25ACA50A573}.Release|ARM.Build.0 = Release|ARM
		{13E90AE7-758E-4918-A315-C25ACA50A573}.Release|x64.ActiveCfg = Release|x64
		{13E90AE7-758E-4918-A315-C25ACA50A573}.Release|x64.Build.0 = Release|x64
		{13E90AE7-758E-4918-A315-C25ACA50A573}.Release|x86.ActiveCfg = Release|x86
		{13E90AE7-758E-4918-A315-C25ACA50A573}.Release|x86.Build.0 = Release|x86
		{C5F9F777-312F-4F4E-9E3C-04D2A7222AE9}.Debug|Any CPU.ActiveCfg = Debug|Any CPU
		{C5F9F777-312F-4F4E-9E3C-04D2A7222AE9}.Debug|Any CPU.Build.0 = Debug|Any CPU
		{C5F9F777-312F-4F4E-9E3C-04D2A7222AE9}.Debug|ARM.ActiveCfg = Debug|Any CPU
		{C5F9F777-312F-4F4E-9E3C-04D2A7222AE9}.Debug|ARM.Build.0 = Debug|Any CPU
		{C5F9F777-312F-4F4E-9E3C-04D2A7222AE9}.Debug|x64.ActiveCfg = Debug|Any CPU
		{C5F9F777-312F-4F4E-9E3C-04D2A7222AE9}.Debug|x64.Build.0 = Debug|Any CPU
		{C5F9F777-312F-4F4E-9E3C-04D2A7222AE9}.Debug|x86.ActiveCfg = Debug|Any CPU
		{C5F9F777-312F-4F4E-9E3C-04D2A7222AE9}.Debug|x86.Build.0 = Debug|Any CPU
		{C5F9F777-312F-4F4E-9E3C-04D2A7222AE9}.Release|Any CPU.ActiveCfg = Release|Any CPU
		{C5F9F777-312F-4F4E-9E3C-04D2A7222AE9}.Release|Any CPU.Build.0 = Release|Any CPU
		{C5F9F777-312F-4F4E-9E3C-04D2A7222AE9}.Release|ARM.ActiveCfg = Release|Any CPU
		{C5F9F777-312F-4F4E-9E3C-04D2A7222AE9}.Release|ARM.Build.0 = Release|Any CPU
		{C5F9F777-312F-4F4E-9E3C-04D2A7222AE9}.Release|x64.ActiveCfg = Release|Any CPU
		{C5F9F777-312F-4F4E-9E3C-04D2A7222AE9}.Release|x64.Build.0 = Release|Any CPU
		{C5F9F777-312F-4F4E-9E3C-04D2A7222AE9}.Release|x86.ActiveCfg = Release|Any CPU
		{C5F9F777-312F-4F4E-9E3C-04D2A7222AE9}.Release|x86.Build.0 = Release|Any CPU
		{BD5B5D87-6FB9-4C0F-974E-DC7BB2E5DA7C}.Debug|Any CPU.ActiveCfg = Debug|x86
		{BD5B5D87-6FB9-4C0F-974E-DC7BB2E5DA7C}.Debug|ARM.ActiveCfg = Debug|ARM
		{BD5B5D87-6FB9-4C0F-974E-DC7BB2E5DA7C}.Debug|ARM.Build.0 = Debug|ARM
		{BD5B5D87-6FB9-4C0F-974E-DC7BB2E5DA7C}.Debug|ARM.Deploy.0 = Debug|ARM
		{BD5B5D87-6FB9-4C0F-974E-DC7BB2E5DA7C}.Debug|x64.ActiveCfg = Debug|x64
		{BD5B5D87-6FB9-4C0F-974E-DC7BB2E5DA7C}.Debug|x64.Build.0 = Debug|x64
		{BD5B5D87-6FB9-4C0F-974E-DC7BB2E5DA7C}.Debug|x64.Deploy.0 = Debug|x64
		{BD5B5D87-6FB9-4C0F-974E-DC7BB2E5DA7C}.Debug|x86.ActiveCfg = Debug|x86
		{BD5B5D87-6FB9-4C0F-974E-DC7BB2E5DA7C}.Debug|x86.Build.0 = Debug|x86
		{BD5B5D87-6FB9-4C0F-974E-DC7BB2E5DA7C}.Debug|x86.Deploy.0 = Debug|x86
		{BD5B5D87-6FB9-4C0F-974E-DC7BB2E5DA7C}.Release|Any CPU.ActiveCfg = Release|x86
		{BD5B5D87-6FB9-4C0F-974E-DC7BB2E5DA7C}.Release|ARM.ActiveCfg = Release|ARM
		{BD5B5D87-6FB9-4C0F-974E-DC7BB2E5DA7C}.Release|ARM.Build.0 = Release|ARM
		{BD5B5D87-6FB9-4C0F-974E-DC7BB2E5DA7C}.Release|ARM.Deploy.0 = Release|ARM
		{BD5B5D87-6FB9-4C0F-974E-DC7BB2E5DA7C}.Release|x64.ActiveCfg = Release|x64
		{BD5B5D87-6FB9-4C0F-974E-DC7BB2E5DA7C}.Release|x64.Build.0 = Release|x64
		{BD5B5D87-6FB9-4C0F-974E-DC7BB2E5DA7C}.Release|x64.Deploy.0 = Release|x64
		{BD5B5D87-6FB9-4C0F-974E-DC7BB2E5DA7C}.Release|x86.ActiveCfg = Release|x86
		{BD5B5D87-6FB9-4C0F-974E-DC7BB2E5DA7C}.Release|x86.Build.0 = Release|x86
		{BD5B5D87-6FB9-4C0F-974E-DC7BB2E5DA7C}.Release|x86.Deploy.0 = Release|x86
		{1DB155ED-DAC0-4FFA-9045-6E855FF7CC92}.Debug|Any CPU.ActiveCfg = Debug|x86
		{1DB155ED-DAC0-4FFA-9045-6E855FF7CC92}.Debug|ARM.ActiveCfg = Debug|ARM
		{1DB155ED-DAC0-4FFA-9045-6E855FF7CC92}.Debug|ARM.Build.0 = Debug|ARM
		{1DB155ED-DAC0-4FFA-9045-6E855FF7CC92}.Debug|ARM.Deploy.0 = Debug|ARM
		{1DB155ED-DAC0-4FFA-9045-6E855FF7CC92}.Debug|x64.ActiveCfg = Debug|x64
		{1DB155ED-DAC0-4FFA-9045-6E855FF7CC92}.Debug|x64.Build.0 = Debug|x64
		{1DB155ED-DAC0-4FFA-9045-6E855FF7CC92}.Debug|x64.Deploy.0 = Debug|x64
		{1DB155ED-DAC0-4FFA-9045-6E855FF7CC92}.Debug|x86.ActiveCfg = Debug|x86
		{1DB155ED-DAC0-4FFA-9045-6E855FF7CC92}.Debug|x86.Build.0 = Debug|x86
		{1DB155ED-DAC0-4FFA-9045-6E855FF7CC92}.Debug|x86.Deploy.0 = Debug|x86
		{1DB155ED-DAC0-4FFA-9045-6E855FF7CC92}.Release|Any CPU.ActiveCfg = Release|x86
		{1DB155ED-DAC0-4FFA-9045-6E855FF7CC92}.Release|ARM.ActiveCfg = Release|ARM
		{1DB155ED-DAC0-4FFA-9045-6E855FF7CC92}.Release|ARM.Build.0 = Release|ARM
		{1DB155ED-DAC0-4FFA-9045-6E855FF7CC92}.Release|ARM.Deploy.0 = Release|ARM
		{1DB155ED-DAC0-4FFA-9045-6E855FF7CC92}.Release|x64.ActiveCfg = Release|x64
		{1DB155ED-DAC0-4FFA-9045-6E855FF7CC92}.Release|x64.Build.0 = Release|x64
		{1DB155ED-DAC0-4FFA-9045-6E855FF7CC92}.Release|x64.Deploy.0 = Release|x64
		{1DB155ED-DAC0-4FFA-9045-6E855FF7CC92}.Release|x86.ActiveCfg = Release|x86
		{1DB155ED-DAC0-4FFA-9045-6E855FF7CC92}.Release|x86.Build.0 = Release|x86
		{1DB155ED-DAC0-4FFA-9045-6E855FF7CC92}.Release|x86.Deploy.0 = Release|x86
		{9EEC42EC-3716-46AF-AD34-1EF71E69F9AF}.Debug|Any CPU.ActiveCfg = Debug|Any CPU
		{9EEC42EC-3716-46AF-AD34-1EF71E69F9AF}.Debug|Any CPU.Build.0 = Debug|Any CPU
		{9EEC42EC-3716-46AF-AD34-1EF71E69F9AF}.Debug|ARM.ActiveCfg = Debug|Any CPU
		{9EEC42EC-3716-46AF-AD34-1EF71E69F9AF}.Debug|ARM.Build.0 = Debug|Any CPU
		{9EEC42EC-3716-46AF-AD34-1EF71E69F9AF}.Debug|x64.ActiveCfg = Debug|Any CPU
		{9EEC42EC-3716-46AF-AD34-1EF71E69F9AF}.Debug|x64.Build.0 = Debug|Any CPU
		{9EEC42EC-3716-46AF-AD34-1EF71E69F9AF}.Debug|x86.ActiveCfg = Debug|Any CPU
		{9EEC42EC-3716-46AF-AD34-1EF71E69F9AF}.Debug|x86.Build.0 = Debug|Any CPU
		{9EEC42EC-3716-46AF-AD34-1EF71E69F9AF}.Release|Any CPU.ActiveCfg = Release|Any CPU
		{9EEC42EC-3716-46AF-AD34-1EF71E69F9AF}.Release|Any CPU.Build.0 = Release|Any CPU
		{9EEC42EC-3716-46AF-AD34-1EF71E69F9AF}.Release|ARM.ActiveCfg = Release|Any CPU
		{9EEC42EC-3716-46AF-AD34-1EF71E69F9AF}.Release|ARM.Build.0 = Release|Any CPU
		{9EEC42EC-3716-46AF-AD34-1EF71E69F9AF}.Release|x64.ActiveCfg = Release|Any CPU
		{9EEC42EC-3716-46AF-AD34-1EF71E69F9AF}.Release|x64.Build.0 = Release|Any CPU
		{9EEC42EC-3716-46AF-AD34-1EF71E69F9AF}.Release|x86.ActiveCfg = Release|Any CPU
		{9EEC42EC-3716-46AF-AD34-1EF71E69F9AF}.Release|x86.Build.0 = Release|Any CPU
		{FB7E5E18-7066-4A70-AE55-22B700C5CEA2}.Debug|Any CPU.ActiveCfg = Debug|Any CPU
		{FB7E5E18-7066-4A70-AE55-22B700C5CEA2}.Debug|Any CPU.Build.0 = Debug|Any CPU
		{FB7E5E18-7066-4A70-AE55-22B700C5CEA2}.Debug|ARM.ActiveCfg = Debug|Any CPU
		{FB7E5E18-7066-4A70-AE55-22B700C5CEA2}.Debug|ARM.Build.0 = Debug|Any CPU
		{FB7E5E18-7066-4A70-AE55-22B700C5CEA2}.Debug|x64.ActiveCfg = Debug|Any CPU
		{FB7E5E18-7066-4A70-AE55-22B700C5CEA2}.Debug|x64.Build.0 = Debug|Any CPU
		{FB7E5E18-7066-4A70-AE55-22B700C5CEA2}.Debug|x86.ActiveCfg = Debug|Any CPU
		{FB7E5E18-7066-4A70-AE55-22B700C5CEA2}.Debug|x86.Build.0 = Debug|Any CPU
		{FB7E5E18-7066-4A70-AE55-22B700C5CEA2}.Release|Any CPU.ActiveCfg = Release|Any CPU
		{FB7E5E18-7066-4A70-AE55-22B700C5CEA2}.Release|Any CPU.Build.0 = Release|Any CPU
		{FB7E5E18-7066-4A70-AE55-22B700C5CEA2}.Release|ARM.ActiveCfg = Release|Any CPU
		{FB7E5E18-7066-4A70-AE55-22B700C5CEA2}.Release|ARM.Build.0 = Release|Any CPU
		{FB7E5E18-7066-4A70-AE55-22B700C5CEA2}.Release|x64.ActiveCfg = Release|Any CPU
		{FB7E5E18-7066-4A70-AE55-22B700C5CEA2}.Release|x64.Build.0 = Release|Any CPU
		{FB7E5E18-7066-4A70-AE55-22B700C5CEA2}.Release|x86.ActiveCfg = Release|Any CPU
		{FB7E5E18-7066-4A70-AE55-22B700C5CEA2}.Release|x86.Build.0 = Release|Any CPU
		{B903D432-92D7-41C3-9056-0558A93001FD}.Debug|Any CPU.ActiveCfg = Debug|x86
		{B903D432-92D7-41C3-9056-0558A93001FD}.Debug|ARM.ActiveCfg = Debug|ARM
		{B903D432-92D7-41C3-9056-0558A93001FD}.Debug|ARM.Build.0 = Debug|ARM
		{B903D432-92D7-41C3-9056-0558A93001FD}.Debug|ARM.Deploy.0 = Debug|ARM
		{B903D432-92D7-41C3-9056-0558A93001FD}.Debug|x64.ActiveCfg = Debug|x64
		{B903D432-92D7-41C3-9056-0558A93001FD}.Debug|x64.Build.0 = Debug|x64
		{B903D432-92D7-41C3-9056-0558A93001FD}.Debug|x64.Deploy.0 = Debug|x64
		{B903D432-92D7-41C3-9056-0558A93001FD}.Debug|x86.ActiveCfg = Debug|x86
		{B903D432-92D7-41C3-9056-0558A93001FD}.Debug|x86.Build.0 = Debug|x86
		{B903D432-92D7-41C3-9056-0558A93001FD}.Debug|x86.Deploy.0 = Debug|x86
		{B903D432-92D7-41C3-9056-0558A93001FD}.Release|Any CPU.ActiveCfg = Release|x86
		{B903D432-92D7-41C3-9056-0558A93001FD}.Release|ARM.ActiveCfg = Release|ARM
		{B903D432-92D7-41C3-9056-0558A93001FD}.Release|ARM.Build.0 = Release|ARM
		{B903D432-92D7-41C3-9056-0558A93001FD}.Release|ARM.Deploy.0 = Release|ARM
		{B903D432-92D7-41C3-9056-0558A93001FD}.Release|x64.ActiveCfg = Release|x64
		{B903D432-92D7-41C3-9056-0558A93001FD}.Release|x64.Build.0 = Release|x64
		{B903D432-92D7-41C3-9056-0558A93001FD}.Release|x64.Deploy.0 = Release|x64
		{B903D432-92D7-41C3-9056-0558A93001FD}.Release|x86.ActiveCfg = Release|x86
		{B903D432-92D7-41C3-9056-0558A93001FD}.Release|x86.Build.0 = Release|x86
		{B903D432-92D7-41C3-9056-0558A93001FD}.Release|x86.Deploy.0 = Release|x86
		{268F921A-9A6D-4CAF-BC06-DB1795134D82}.Debug|Any CPU.ActiveCfg = Debug|x86
		{268F921A-9A6D-4CAF-BC06-DB1795134D82}.Debug|ARM.ActiveCfg = Debug|ARM
		{268F921A-9A6D-4CAF-BC06-DB1795134D82}.Debug|ARM.Build.0 = Debug|ARM
		{268F921A-9A6D-4CAF-BC06-DB1795134D82}.Debug|ARM.Deploy.0 = Debug|ARM
		{268F921A-9A6D-4CAF-BC06-DB1795134D82}.Debug|x64.ActiveCfg = Debug|x64
		{268F921A-9A6D-4CAF-BC06-DB1795134D82}.Debug|x64.Build.0 = Debug|x64
		{268F921A-9A6D-4CAF-BC06-DB1795134D82}.Debug|x64.Deploy.0 = Debug|x64
		{268F921A-9A6D-4CAF-BC06-DB1795134D82}.Debug|x86.ActiveCfg = Debug|x86
		{268F921A-9A6D-4CAF-BC06-DB1795134D82}.Debug|x86.Build.0 = Debug|x86
		{268F921A-9A6D-4CAF-BC06-DB1795134D82}.Debug|x86.Deploy.0 = Debug|x86
		{268F921A-9A6D-4CAF-BC06-DB1795134D82}.Release|Any CPU.ActiveCfg = Release|x86
		{268F921A-9A6D-4CAF-BC06-DB1795134D82}.Release|ARM.ActiveCfg = Release|ARM
		{268F921A-9A6D-4CAF-BC06-DB1795134D82}.Release|ARM.Build.0 = Release|ARM
		{268F921A-9A6D-4CAF-BC06-DB1795134D82}.Release|ARM.Deploy.0 = Release|ARM
		{268F921A-9A6D-4CAF-BC06-DB1795134D82}.Release|x64.ActiveCfg = Release|x64
		{268F921A-9A6D-4CAF-BC06-DB1795134D82}.Release|x64.Build.0 = Release|x64
		{268F921A-9A6D-4CAF-BC06-DB1795134D82}.Release|x64.Deploy.0 = Release|x64
		{268F921A-9A6D-4CAF-BC06-DB1795134D82}.Release|x86.ActiveCfg = Release|x86
		{268F921A-9A6D-4CAF-BC06-DB1795134D82}.Release|x86.Build.0 = Release|x86
		{268F921A-9A6D-4CAF-BC06-DB1795134D82}.Release|x86.Deploy.0 = Release|x86
	EndGlobalSection
	GlobalSection(SolutionProperties) = preSolution
		HideSolutionNode = FALSE
	EndGlobalSection
	GlobalSection(NestedProjects) = preSolution
		{9EEC42EC-3716-46AF-AD34-1EF71E69F9AF} = {9FC77F42-CB32-4228-88E4-2309C6026C91}
		{FB7E5E18-7066-4A70-AE55-22B700C5CEA2} = {9FC77F42-CB32-4228-88E4-2309C6026C91}
		{B903D432-92D7-41C3-9056-0558A93001FD} = {9FC77F42-CB32-4228-88E4-2309C6026C91}
	EndGlobalSection
	GlobalSection(ExtensibilityGlobals) = postSolution
		SolutionGuid = {FA31F9AE-35D5-4CC5-AA58-AC1B9F151A99}
	EndGlobalSection
EndGlobal
